
Microsoft Visual Studio Solution File, Format Version 12.00
# Visual Studio 2012
Project("{FAE04EC0-301F-11D3-BF4B-00C04F79EFBC}") = "BackupFileTrim", "BackupFileTrim\BackupFileTrim.csproj", "{9FE2EA84-72FD-4291-9E24-938C57ECDFF9}"
EndProject
Global
	GlobalSection(SolutionConfigurationPlatforms) = preSolution
		Debug|Any CPU = Debug|Any CPU
		Release|Any CPU = Release|Any CPU
	EndGlobalSection
	GlobalSection(ProjectConfigurationPlatforms) = postSolution
		{9FE2EA84-72FD-4291-9E24-938C57ECDFF9}.Debug|Any CPU.ActiveCfg = Debug|Any CPU
		{9FE2EA84-72FD-4291-9E24-938C57ECDFF9}.Debug|Any CPU.Build.0 = Debug|Any CPU
		{9FE2EA84-72FD-4291-9E24-938C57ECDFF9}.Release|Any CPU.ActiveCfg = Release|Any CPU
		{9FE2EA84-72FD-4291-9E24-938C57ECDFF9}.Release|Any CPU.Build.0 = Release|Any CPU
	EndGlobalSection
	GlobalSection(SolutionProperties) = preSolution
		HideSolutionNode = FALSE
	EndGlobalSection
EndGlobal
